[[package]]
name = "beet"
version = "0.69.0"
description = "The Minecraft pack development kit"
category = "main"
optional = false
python-versions = ">=3.8,<4.0"

[package.dependencies]
click = ">=8.1.2,<9.0.0"
click-help-colors = ">=0.9.1,<0.10.0"
colorama = {version = "*", markers = "sys_platform == \"win32\""}
Jinja2 = ">=3.1.1,<4.0.0"
nbtlib = ">=1.12.1,<2.0.0"
pathspec = ">=0.9.0,<0.10.0"
pydantic = ">=1.9.0,<2.0.0"
PyYAML = ">=6.0,<7.0"
toml = ">=0.10.2,<0.11.0"

[package.extras]
image = ["pillow"]

[[package]]
name = "bolt"
version = "0.17.5"
description = "Supercharge Minecraft commands with Python"
category = "main"
optional = false
python-versions = ">=3.8,<4.0"

[package.dependencies]
beet = ">=0.68.3"
mecha = ">=0.54.9"

[[package]]
name = "click"
version = "8.1.3"
description = "Composable command line interface toolkit"
category = "main"
optional = false
python-versions = ">=3.7"

[package.dependencies]
colorama = {version = "*", markers = "platform_system == \"Windows\""}

[[package]]
name = "click-help-colors"
version = "0.9.1"
description = "Colorization of help messages in Click"
category = "main"
optional = false
python-versions = "*"

[package.dependencies]
click = ">=7.0,<9"

[package.extras]
dev = ["pytest"]

[[package]]
name = "colorama"
version = "0.4.4"
description = "Cross-platform colored terminal text."
category = "main"
optional = false
python-versions = ">=2.7, !=3.0.*, !=3.1.*, !=3.2.*, !=3.3.*, !=3.4.*"

[[package]]
name = "jinja2"
version = "3.1.2"
description = "A very fast and expressive template engine."
category = "main"
optional = false
python-versions = ">=3.7"

[package.dependencies]
MarkupSafe = ">=2.0"

[package.extras]
i18n = ["Babel (>=2.7)"]

[[package]]
name = "lectern"
version = "0.24.0"
description = "Literate Minecraft data packs and resource packs."
category = "main"
optional = false
python-versions = ">=3.8,<4.0"

[package.dependencies]
beet = ">=0.68.2"
click = ">=8.1.3,<9.0.0"
markdown-it-py = ">=2.1.0,<3.0.0"

[[package]]
name = "markdown-it-py"
version = "2.1.0"
description = "Python port of markdown-it. Markdown parsing, done right!"
category = "main"
optional = false
python-versions = ">=3.7"

[package.dependencies]
mdurl = ">=0.1,<1.0"

[package.extras]
testing = ["pytest-regressions", "pytest-cov", "pytest", "coverage"]
rtd = ["sphinx-book-theme", "sphinx-design", "sphinx-copybutton", "sphinx", "pyyaml", "myst-parser", "attrs"]
profiling = ["gprof2dot"]
plugins = ["mdit-py-plugins"]
linkify = ["linkify-it-py (>=1.0,<2.0)"]
compare = ["panflute (>=2.1.3,<2.2.0)", "mistune (>=2.0.2,<2.1.0)", "mistletoe (>=0.8.1,<0.9.0)", "markdown (>=3.3.6,<3.4.0)", "commonmark (>=0.9.1,<0.10.0)"]
code_style = ["pre-commit (==2.6)"]
benchmarking = ["pytest-benchmark (>=3.2,<4.0)", "pytest", "psutil"]

[[package]]
name = "markupsafe"
version = "2.1.1"
description = "Safely add untrusted strings to HTML/XML markup."
category = "main"
optional = false
python-versions = ">=3.7"

[[package]]
name = "mdurl"
version = "0.1.1"
description = "Markdown URL utilities"
category = "main"
optional = false
python-versions = ">=3.7"

[[package]]
name = "mecha"
version = "0.54.9"
description = "A powerful Minecraft command library"
category = "main"
optional = false
python-versions = ">=3.8,<4.0"

[package.dependencies]
beet = ">=0.68.2"
tokenstream = "1.4.2"

[[package]]
name = "nbtlib"
version = "1.12.1"
description = "A python package to read and edit nbt data"
category = "main"
optional = false
python-versions = ">=3.8,<4.0"

[package.dependencies]
numpy = "*"

[[package]]
name = "numpy"
version = "1.22.4"
description = "NumPy is the fundamental package for array computing with Python."
category = "main"
optional = false
python-versions = ">=3.8"

[[package]]
name = "pathspec"
version = "0.9.0"
description = "Utility library for gitignore style pattern matching of file paths."
category = "main"
optional = false
python-versions = "!=3.0.*,!=3.1.*,!=3.2.*,!=3.3.*,!=3.4.*,>=2.7"

[[package]]
name = "pillow"
version = "9.2.0"
description = "Python Imaging Library (Fork)"
category = "main"
optional = false
python-versions = ">=3.7"

[package.extras]
docs = ["furo", "olefile", "sphinx (>=2.4)", "sphinx-copybutton", "sphinx-issues (>=3.0.1)", "sphinx-removed-in", "sphinxext-opengraph"]
tests = ["check-manifest", "coverage", "defusedxml", "markdown2", "olefile", "packaging", "pyroma", "pytest", "pytest-cov", "pytest-timeout"]

[[package]]
name = "pydantic"
version = "1.9.1"
description = "Data validation and settings management using python type hints"
category = "main"
optional = false
python-versions = ">=3.6.1"

[package.dependencies]
typing-extensions = ">=3.7.4.3"

[package.extras]
dotenv = ["python-dotenv (>=0.10.4)"]
email = ["email-validator (>=1.0.3)"]

[[package]]
name = "pyyaml"
version = "6.0"
description = "YAML parser and emitter for Python"
category = "main"
optional = false
python-versions = ">=3.6"

[[package]]
name = "tokenstream"
version = "1.4.2"
description = "A versatile token stream for handwritten parsers"
category = "main"
optional = false
python-versions = ">=3.8,<4.0"

[[package]]
name = "toml"
version = "0.10.2"
description = "Python Library for Tom's Obvious, Minimal Language"
category = "main"
optional = false
python-versions = ">=2.6, !=3.0.*, !=3.1.*, !=3.2.*"

[[package]]
name = "typing-extensions"
version = "4.2.0"
description = "Backported and Experimental Type Hints for Python 3.7+"
category = "main"
optional = false
python-versions = ">=3.7"

[metadata]
lock-version = "1.1"
python-versions = "^3.8"
content-hash = "51c624807e80068a421db9f6ff7bc7d0e77296b86545e6f6d6304c6cd9598c12"

[metadata.files]
beet = []
bolt = []
click = []
click-help-colors = []
colorama = []
jinja2 = []
lectern = []
markdown-it-py = []
markupsafe = []
mdurl = []
mecha = []
nbtlib = []
numpy = []
pathspec = []
pillow = []
pydantic = []
pyyaml = []
tokenstream = []
toml = []
typing-extensions = []
